
Microsoft Visual Studio Solution File, Format Version 12.00
Project("{FAE04EC0-301F-11D3-BF4B-00C04F79EFBC}") = "appData1", "appData1\appData1.csproj", "{FAAE603B-1762-4B60-8EB7-E2110C41D818}"
EndProject
Global
	GlobalSection(SolutionConfigurationPlatforms) = preSolution
		Debug|Any CPU = Debug|Any CPU
		Release|Any CPU = Release|Any CPU
	EndGlobalSection
	GlobalSection(ProjectConfigurationPlatforms) = postSolution
		{FAAE603B-1762-4B60-8EB7-E2110C41D818}.Debug|Any CPU.ActiveCfg = Debug|Any CPU
		{FAAE603B-1762-4B60-8EB7-E2110C41D818}.Debug|Any CPU.Build.0 = Debug|Any CPU
		{FAAE603B-1762-4B60-8EB7-E2110C41D818}.Release|Any CPU.ActiveCfg = Release|Any CPU
		{FAAE603B-1762-4B60-8EB7-E2110C41D818}.Release|Any CPU.Build.0 = Release|Any CPU
	EndGlobalSection
EndGlobal
